
Microsoft Visual Studio Solution File, Format Version 12.00
# Visual Studio Version 16
VisualStudioVersion = 16.0.33801.447
MinimumVisualStudioVersion = 10.0.40219.1
Project("{FAE04EC0-301F-11D3-BF4B-00C04F79EFBC}") = "new-calculator", "new-calculator\new-calculator.csproj", "{A662805E-553E-458C-8DCB-B7E5670E55D8}"
EndProject
Global
	GlobalSection(SolutionConfigurationPlatforms) = preSolution
		Debug|Any CPU = Debug|Any CPU
		Release|Any CPU = Release|Any CPU
	EndGlobalSection
	GlobalSection(ProjectConfigurationPlatforms) = postSolution
		{A662805E-553E-458C-8DCB-B7E5670E55D8}.Debug|Any CPU.ActiveCfg = Debug|Any CPU
		{A662805E-553E-458C-8DCB-B7E5670E55D8}.Debug|Any CPU.Build.0 = Debug|Any CPU
		{A662805E-553E-458C-8DCB-B7E5670E55D8}.Release|Any CPU.ActiveCfg = Release|Any CPU
		{A662805E-553E-458C-8DCB-B7E5670E55D8}.Release|Any CPU.Build.0 = Release|Any CPU
	EndGlobalSection
	GlobalSection(SolutionProperties) = preSolution
		HideSolutionNode = FALSE
	EndGlobalSection
	GlobalSection(ExtensibilityGlobals) = postSolution
		SolutionGuid = {A61CA49D-D142-4C7D-BE05-6F8126BF10C2}
	EndGlobalSection
EndGlobal
